// !$*UTF8*$!
{
	archiveVersion = 1;
	classes = {
	};
	objectVersion = 55;
	objects = {

/* Begin PBXBuildFile section */
		45129A022841E34D00984592 /* RandomWordApp.swift in Sources */ = {isa = PBXBuildFile; fileRef = 45129A012841E34D00984592 /* RandomWordApp.swift */; };
		45129A042841E34D00984592 /* ChooseNumView.swift in Sources */ = {isa = PBXBuildFile; fileRef = 45129A032841E34D00984592 /* ChooseNumView.swift */; };
		45129A062841E35000984592 /* Assets.xcassets in Resources */ = {isa = PBXBuildFile; fileRef = 45129A052841E35000984592 /* Assets.xcassets */; };
		45129A092841E35000984592 /* Preview Assets.xcassets in Resources */ = {isa = PBXBuildFile; fileRef = 45129A082841E35000984592 /* Preview Assets.xcassets */; };
		45129A132841E35000984592 /* RandomWordTests.swift in Sources */ = {isa = PBXBuildFile; fileRef = 45129A122841E35000984592 /* RandomWordTests.swift */; };
		45129A1D2841E35000984592 /* RandomWordUITests.swift in Sources */ = {isa = PBXBuildFile; fileRef = 45129A1C2841E35000984592 /* RandomWordUITests.swift */; };
		45129A1F2841E35000984592 /* RandomWordUITestsLaunchTests.swift in Sources */ = {isa = PBXBuildFile; fileRef = 45129A1E2841E35000984592 /* RandomWordUITestsLaunchTests.swift */; };
		4578E439284254E400E2CCEE /* ShowWordsView.swift in Sources */ = {isa = PBXBuildFile; fileRef = 4578E438284254E400E2CCEE /* ShowWordsView.swift */; };
/* End PBXBuildFile section */

/* Begin PBXContainerItemProxy section */
		45129A0F2841E35000984592 /* PBXContainerItemProxy */ = {
			isa = PBXContainerItemProxy;
			containerPortal = 451299F62841E34D00984592 /* Project object */;
			proxyType = 1;
			remoteGlobalIDString = 451299FD2841E34D00984592;
			remoteInfo = RandomWord;
		};
		45129A192841E35000984592 /* PBXContainerItemProxy */ = {
			isa = PBXContainerItemProxy;
			containerPortal = 451299F62841E34D00984592 /* Project object */;
			proxyType = 1;
			remoteGlobalIDString = 451299FD2841E34D00984592;
			remoteInfo = RandomWord;
		};
/* End PBXContainerItemProxy section */

/* Begin PBXFileReference section */
		451299FE2841E34D00984592 /* RandomWord.app */ = {isa = PBXFileReference; explicitFileType = wrapper.application; includeInIndex = 0; path = RandomWord.app; sourceTree = BUILT_PRODUCTS_DIR; };
		45129A012841E34D00984592 /* RandomWordApp.swift */ = {isa = PBXFileReference; lastKnownFileType = sourcecode.swift; path = RandomWordApp.swift; sourceTree = "<group>"; };
		45129A032841E34D00984592 /* ChooseNumView.swift */ = {isa = PBXFileReference; lastKnownFileType = sourcecode.swift; path = ChooseNumView.swift; sourceTree = "<group>"; };
		45129A052841E35000984592 /* Assets.xcassets */ = {isa = PBXFileReference; lastKnownFileType = folder.assetcatalog; path = Assets.xcassets; sourceTree = "<group>"; };
		45129A082841E35000984592 /* Preview Assets.xcassets */ = {isa = PBXFileReference; lastKnownFileType = folder.assetcatalog; path = "Preview Assets.xcassets"; sourceTree = "<group>"; };
		45129A0E2841E35000984592 /* RandomWordTests.xctest */ = {isa = PBXFileReference; explicitFileType = wrapper.cfbundle; includeInIndex = 0; path = RandomWordTests.xctest; sourceTree = BUILT_PRODUCTS_DIR; };
		45129A122841E35000984592 /* RandomWordTests.swift */ = {isa = PBXFileReference; lastKnownFileType = sourcecode.swift; path = RandomWordTests.swift; sourceTree = "<group>"; };
		45129A182841E35000984592 /* RandomWordUITests.xctest */ = {isa = PBXFileReference; explicitFileType = wrapper.cfbundle; includeInIndex = 0; path = RandomWordUITests.xctest; sourceTree = BUILT_PRODUCTS_DIR; };
		45129A1C2841E35000984592 /* RandomWordUITests.swift */ = {isa = PBXFileReference; lastKnownFileType = sourcecode.swift; path = RandomWordUITests.swift; sourceTree = "<group>"; };
		45129A1E2841E35000984592 /* RandomWordUITestsLaunchTests.swift */ = {isa = PBXFileReference; lastKnownFileType = sourcecode.swift; path = RandomWordUITestsLaunchTests.swift; sourceTree = "<group>"; };
		4578E438284254E400E2CCEE /* ShowWordsView.swift */ = {isa = PBXFileReference; lastKnownFileType = sourcecode.swift; path = ShowWordsView.swift; sourceTree = "<group>"; };
/* End PBXFileReference section */

/* Begin PBXFrameworksBuildPhase section */
		451299FB2841E34D00984592 /* Frameworks */ = {
			isa = PBXFrameworksBuildPhase;
			buildActionMask = 2147483647;
			files = (
			);
			runOnlyForDeploymentPostprocessing = 0;
		};
		45129A0B2841E35000984592 /* Frameworks */ = {
			isa = PBXFrameworksBuildPhase;
			buildActionMask = 2147483647;
			files = (
			);
			runOnlyForDeploymentPostprocessing = 0;
		};
		45129A152841E35000984592 /* Frameworks */ = {
			isa = PBXFrameworksBuildPhase;
			buildActionMask = 2147483647;
			files = (
			);
			runOnlyForDeploymentPostprocessing = 0;
		};
/* End PBXFrameworksBuildPhase section */

/* Begin PBXGroup section */
		451299F52841E34D00984592 = {
			isa = PBXGroup;
			children = (
				45129A002841E34D00984592 /* RandomWord */,
				45129A112841E35000984592 /* RandomWordTests */,
				45129A1B2841E35000984592 /* RandomWordUITests */,
				451299FF2841E34D00984592 /* Products */,
			);
			sourceTree = "<group>";
		};
		451299FF2841E34D00984592 /* Products */ = {
			isa = PBXGroup;
			children = (
				451299FE2841E34D00984592 /* RandomWord.app */,
				45129A0E2841E35000984592 /* RandomWordTests.xctest */,
				45129A182841E35000984592 /* RandomWordUITests.xctest */,
			);
			name = Products;
			sourceTree = "<group>";
		};
		45129A002841E34D00984592 /* RandomWord */ = {
			isa = PBXGroup;
			children = (
				45129A012841E34D00984592 /* RandomWordApp.swift */,
				45129A032841E34D00984592 /* ChooseNumView.swift */,
				4578E438284254E400E2CCEE /* ShowWordsView.swift */,
				45129A052841E35000984592 /* Assets.xcassets */,
				45129A072841E35000984592 /* Preview Content */,
			);
			path = RandomWord;
			sourceTree = "<group>";
		};
		45129A072841E35000984592 /* Preview Content */ = {
			isa = PBXGroup;
			children = (
				45129A082841E35000984592 /* Preview Assets.xcassets */,
			);
			path = "Preview Content";
			sourceTree = "<group>";
		};
		45129A112841E35000984592 /* RandomWordTests */ = {
			isa = PBXGroup;
			children = (
				45129A122841E35000984592 /* RandomWordTests.swift */,
			);
			path = RandomWordTests;
			sourceTree = "<group>";
		};
		45129A1B2841E35000984592 /* RandomWordUITests */ = {
			isa = PBXGroup;
			children = (
				45129A1C2841E35000984592 /* RandomWordUITests.swift */,
				45129A1E2841E35000984592 /* RandomWordUITestsLaunchTests.swift */,
			);
			path = RandomWordUITests;
			sourceTree = "<group>";
		};
/* End PBXGroup section */

/* Begin PBXNativeTarget section */
		451299FD2841E34D00984592 /* RandomWord */ = {
			isa = PBXNativeTarget;
			buildConfigurationList = 45129A222841E35000984592 /* Build configuration list for PBXNativeTarget "RandomWord" */;
			buildPhases = (
				451299FA2841E34D00984592 /* Sources */,
				451299FB2841E34D00984592 /* Frameworks */,
				451299FC2841E34D00984592 /* Resources */,
			);
			buildRules = (
			);
			dependencies = (
			);
			name = RandomWord;
			productName = RandomWord;
			productReference = 451299FE2841E34D00984592 /* RandomWord.app */;
			productType = "com.apple.product-type.application";
		};
		45129A0D2841E35000984592 /* RandomWordTests */ = {
			isa = PBXNativeTarget;
			buildConfigurationList = 45129A252841E35000984592 /* Build configuration list for PBXNativeTarget "RandomWordTests" */;
			buildPhases = (
				45129A0A2841E35000984592 /* Sources */,
				45129A0B2841E35000984592 /* Frameworks */,
				45129A0C2841E35000984592 /* Resources */,
			);
			buildRules = (
			);
			dependencies = (
				45129A102841E35000984592 /* PBXTargetDependency */,
			);
			name = RandomWordTests;
			productName = RandomWordTests;
			productReference = 45129A0E2841E35000984592 /* RandomWordTests.xctest */;
			productType = "com.apple.product-type.bundle.unit-test";
		};
		45129A172841E35000984592 /* RandomWordUITests */ = {
			isa = PBXNativeTarget;
			buildConfigurationList = 45129A282841E35000984592 /* Build configuration list for PBXNativeTarget "RandomWordUITests" */;
			buildPhases = (
				45129A142841E35000984592 /* Sources */,
				45129A152841E35000984592 /* Frameworks */,
				45129A162841E35000984592 /* Resources */,
			);
			buildRules = (
			);
			dependencies = (
				45129A1A2841E35000984592 /* PBXTargetDependency */,
			);
			name = RandomWordUITests;
			productName = RandomWordUITests;
			productReference = 45129A182841E35000984592 /* RandomWordUITests.xctest */;
			productType = "com.apple.product-type.bundle.ui-testing";
		};
/* End PBXNativeTarget section */

/* Begin PBXProject section */
		451299F62841E34D00984592 /* Project object */ = {
			isa = PBXProject;
			attributes = {
				BuildIndependentTargetsInParallel = 1;
				LastSwiftUpdateCheck = 1330;
				LastUpgradeCheck = 1330;
				TargetAttributes = {
					451299FD2841E34D00984592 = {
						CreatedOnToolsVersion = 13.3.1;
					};
					45129A0D2841E35000984592 = {
						CreatedOnToolsVersion = 13.3.1;
						TestTargetID = 451299FD2841E34D00984592;
					};
					45129A172841E35000984592 = {
						CreatedOnToolsVersion = 13.3.1;
						TestTargetID = 451299FD2841E34D00984592;
					};
				};
			};
			buildConfigurationList = 451299F92841E34D00984592 /* Build configuration list for PBXProject "RandomWord" */;
			compatibilityVersion = "Xcode 13.0";
			developmentRegion = en;
			hasScannedForEncodings = 0;
			knownRegions = (
				en,
				Base,
			);
			mainGroup = 451299F52841E34D00984592;
			productRefGroup = 451299FF2841E34D00984592 /* Products */;
			projectDirPath = "";
			projectRoot = "";
			targets = (
				451299FD2841E34D00984592 /* RandomWord */,
				45129A0D2841E35000984592 /* RandomWordTests */,
				45129A172841E35000984592 /* RandomWordUITests */,
			);
		};
/* End PBXProject section */

/* Begin PBXResourcesBuildPhase section */
		451299FC2841E34D00984592 /* Resources */ = {
			isa = PBXResourcesBuildPhase;
			buildActionMask = 2147483647;
			files = (
				45129A092841E35000984592 /* Preview Assets.xcassets in Resources */,
				45129A062841E35000984592 /* Assets.xcassets in Resources */,
			);
			runOnlyForDeploymentPostprocessing = 0;
		};
		45129A0C2841E35000984592 /* Resources */ = {
			isa = PBXResourcesBuildPhase;
			buildActionMask = 2147483647;
			files = (
			);
			runOnlyForDeploymentPostprocessing = 0;
		};
		45129A162841E35000984592 /* Resources */ = {
			isa = PBXResourcesBuildPhase;
			buildActionMask = 2147483647;
			files = (
			);
			runOnlyForDeploymentPostprocessing = 0;
		};
/* End PBXResourcesBuildPhase section */

/* Begin PBXSourcesBuildPhase section */
		451299FA2841E34D00984592 /* Sources */ = {
			isa = PBXSourcesBuildPhase;
			buildActionMask = 2147483647;
			files = (
				4578E439284254E400E2CCEE /* ShowWordsView.swift in Sources */,
				45129A042841E34D00984592 /* ChooseNumView.swift in Sources */,
				45129A022841E34D00984592 /* RandomWordApp.swift in Sources */,
			);
			runOnlyForDeploymentPostprocessing = 0;
		};
		45129A0A2841E35000984592 /* Sources */ = {
			isa = PBXSourcesBuildPhase;
			buildActionMask = 2147483647;
			files = (
				45129A132841E35000984592 /* RandomWordTests.swift in Sources */,
			);
			runOnlyForDeploymentPostprocessing = 0;
		};
		45129A142841E35000984592 /* Sources */ = {
			isa = PBXSourcesBuildPhase;
			buildActionMask = 2147483647;
			files = (
				45129A1D2841E35000984592 /* RandomWordUITests.swift in Sources */,
				45129A1F2841E35000984592 /* RandomWordUITestsLaunchTests.swift in Sources */,
			);
			runOnlyForDeploymentPostprocessing = 0;
		};
/* End PBXSourcesBuildPhase section */

/* Begin PBXTargetDependency section */
		45129A102841E35000984592 /* PBXTargetDependency */ = {
			isa = PBXTargetDependency;
			target = 451299FD2841E34D00984592 /* RandomWord */;
			targetProxy = 45129A0F2841E35000984592 /* PBXContainerItemProxy */;
		};
		45129A1A2841E35000984592 /* PBXTargetDependency */ = {
			isa = PBXTargetDependency;
			target = 451299FD2841E34D00984592 /* RandomWord */;
			targetProxy = 45129A192841E35000984592 /* PBXContainerItemProxy */;
		};
/* End PBXTargetDependency section */

/* Begin XCBuildConfiguration section */
		45129A202841E35000984592 /* Debug */ = {
			isa = XCBuildConfiguration;
			buildSettings = {
				ALWAYS_SEARCH_USER_PATHS = NO;
				CLANG_ANALYZER_NONNULL = YES;
				CLANG_ANALYZER_NUMBER_OBJECT_CONVERSION = YES_AGGRESSIVE;
				CLANG_CXX_LANGUAGE_STANDARD = "gnu++17";
				CLANG_ENABLE_MODULES = YES;
				CLANG_ENABLE_OBJC_ARC = YES;
				CLANG_ENABLE_OBJC_WEAK = YES;
				CLANG_WARN_BLOCK_CAPTURE_AUTORELEASING = YES;
				CLANG_WARN_BOOL_CONVERSION = YES;
				CLANG_WARN_COMMA = YES;
				CLANG_WARN_CONSTANT_CONVERSION = YES;
				CLANG_WARN_DEPRECATED_OBJC_IMPLEMENTATIONS = YES;
				CLANG_WARN_DIRECT_OBJC_ISA_USAGE = YES_ERROR;
				CLANG_WARN_DOCUMENTATION_COMMENTS = YES;
				CLANG_WARN_EMPTY_BODY = YES;
				CLANG_WARN_ENUM_CONVERSION = YES;
				CLANG_WARN_INFINITE_RECURSION = YES;
				CLANG_WARN_INT_CONVERSION = YES;
				CLANG_WARN_NON_LITERAL_NULL_CONVERSION = YES;
				CLANG_WARN_OBJC_IMPLICIT_RETAIN_SELF = YES;
				CLANG_WARN_OBJC_LITERAL_CONVERSION = YES;
				CLANG_WARN_OBJC_ROOT_CLASS = YES_ERROR;
				CLANG_WARN_QUOTED_INCLUDE_IN_FRAMEWORK_HEADER = YES;
				CLANG_WARN_RANGE_LOOP_ANALYSIS = YES;
				CLANG_WARN_STRICT_PROTOTYPES = YES;
				CLANG_WARN_SUSPICIOUS_MOVE = YES;
				CLANG_WARN_UNGUARDED_AVAILABILITY = YES_AGGRESSIVE;
				CLANG_WARN_UNREACHABLE_CODE = YES;
				CLANG_WARN__DUPLICATE_METHOD_MATCH = YES;
				COPY_PHASE_STRIP = NO;
				DEBUG_INFORMATION_FORMAT = dwarf;
				ENABLE_STRICT_OBJC_MSGSEND = YES;
				ENABLE_TESTABILITY = YES;
				GCC_C_LANGUAGE_STANDARD = gnu11;
				GCC_DYNAMIC_NO_PIC = NO;
				GCC_NO_COMMON_BLOCKS = YES;
				GCC_OPTIMIZATION_LEVEL = 0;
				GCC_PREPROCESSOR_DEFINITIONS = (
					"DEBUG=1",
					"$(inherited)",
				);
				GCC_WARN_64_TO_32_BIT_CONVERSION = YES;
				GCC_WARN_ABOUT_RETURN_TYPE = YES_ERROR;
				GCC_WARN_UNDECLARED_SELECTOR = YES;
				GCC_WARN_UNINITIALIZED_AUTOS = YES_AGGRESSIVE;
				GCC_WARN_UNUSED_FUNCTION = YES;
				GCC_WARN_UNUSED_VARIABLE = YES;
				IPHONEOS_DEPLOYMENT_TARGET = 15.4;
				MTL_ENABLE_DEBUG_INFO = INCLUDE_SOURCE;
				MTL_FAST_MATH = YES;
				ONLY_ACTIVE_ARCH = YES;
				SDKROOT = iphoneos;
				SWIFT_ACTIVE_COMPILATION_CONDITIONS = DEBUG;
				SWIFT_OPTIMIZATION_LEVEL = "-Onone";
			};
			name = Debug;
		};
		45129A212841E35000984592 /* Release */ = {
			isa = XCBuildConfiguration;
			buildSettings = {
				ALWAYS_SEARCH_USER_PATHS = NO;
				CLANG_ANALYZER_NONNULL = YES;
				CLANG_ANALYZER_NUMBER_OBJECT_CONVERSION = YES_AGGRESSIVE;
				CLANG_CXX_LANGUAGE_STANDARD = "gnu++17";
				CLANG_ENABLE_MODULES = YES;
				CLANG_ENABLE_OBJC_ARC = YES;
				CLANG_ENABLE_OBJC_WEAK = YES;
				CLANG_WARN_BLOCK_CAPTURE_AUTORELEASING = YES;
				CLANG_WARN_BOOL_CONVERSION = YES;
				CLANG_WARN_COMMA = YES;
				CLANG_WARN_CONSTANT_CONVERSION = YES;
				CLANG_WARN_DEPRECATED_OBJC_IMPLEMENTATIONS = YES;
				CLANG_WARN_DIRECT_OBJC_ISA_USAGE = YES_ERROR;
				CLANG_WARN_DOCUMENTATION_COMMENTS = YES;
				CLANG_WARN_EMPTY_BODY = YES;
				CLANG_WARN_ENUM_CONVERSION = YES;
				CLANG_WARN_INFINITE_RECURSION = YES;
				CLANG_WARN_INT_CONVERSION = YES;
				CLANG_WARN_NON_LITERAL_NULL_CONVERSION = YES;
				CLANG_WARN_OBJC_IMPLICIT_RETAIN_SELF = YES;
				CLANG_WARN_OBJC_LITERAL_CONVERSION = YES;
				CLANG_WARN_OBJC_ROOT_CLASS = YES_ERROR;
				CLANG_WARN_QUOTED_INCLUDE_IN_FRAMEWORK_HEADER = YES;
				CLANG_WARN_RANGE_LOOP_ANALYSIS = YES;
				CLANG_WARN_STRICT_PROTOTYPES = YES;
				CLANG_WARN_SUSPICIOUS_MOVE = YES;
				CLANG_WARN_UNGUARDED_AVAILABILITY = YES_AGGRESSIVE;
				CLANG_WARN_UNREACHABLE_CODE = YES;
				CLANG_WARN__DUPLICATE_METHOD_MATCH = YES;
				COPY_PHASE_STRIP = NO;
				DEBUG_INFORMATION_FORMAT = "dwarf-with-dsym";
				ENABLE_NS_ASSERTIONS = NO;
				ENABLE_STRICT_OBJC_MSGSEND = YES;
				GCC_C_LANGUAGE_STANDARD = gnu11;
				GCC_NO_COMMON_BLOCKS = YES;
				GCC_WARN_64_TO_32_BIT_CONVERSION = YES;
				GCC_WARN_ABOUT_RETURN_TYPE = YES_ERROR;
				GCC_WARN_UNDECLARED_SELECTOR = YES;
				GCC_WARN_UNINITIALIZED_AUTOS = YES_AGGRESSIVE;
				GCC_WARN_UNUSED_FUNCTION = YES;
				GCC_WARN_UNUSED_VARIABLE = YES;
				IPHONEOS_DEPLOYMENT_TARGET = 15.4;
				MTL_ENABLE_DEBUG_INFO = NO;
				MTL_FAST_MATH = YES;
				SDKROOT = iphoneos;
				SWIFT_COMPILATION_MODE = wholemodule;
				SWIFT_OPTIMIZATION_LEVEL = "-O";
				VALIDATE_PRODUCT = YES;
			};
			name = Release;
		};
		45129A232841E35000984592 /* Debug */ = {
			isa = XCBuildConfiguration;
			buildSettings = {
				ASSETCATALOG_COMPILER_APPICON_NAME = AppIcon;
				ASSETCATALOG_COMPILER_GLOBAL_ACCENT_COLOR_NAME = AccentColor;
				CODE_SIGN_STYLE = Automatic;
				CURRENT_PROJECT_VERSION = 1;
				DEVELOPMENT_ASSET_PATHS = "\"RandomWord/Preview Content\"";
				ENABLE_PREVIEWS = YES;
				GENERATE_INFOPLIST_FILE = YES;
				INFOPLIST_KEY_UIApplicationSceneManifest_Generation = YES;
				INFOPLIST_KEY_UIApplicationSupportsIndirectInputEvents = YES;
				INFOPLIST_KEY_UILaunchScreen_Generation = YES;
				INFOPLIST_KEY_UISupportedInterfaceOrientations_iPad = "UIInterfaceOrientationPortrait UIInterfaceOrientationPortraitUpsideDown UIInterfaceOrientationLandscapeLeft UIInterfaceOrientationLandscapeRight";
				INFOPLIST_KEY_UISupportedInterfaceOrientations_iPhone = "UIInterfaceOrientationPortrait UIInterfaceOrientationLandscapeLeft UIInterfaceOrientationLandscapeRight";
				LD_RUNPATH_SEARCH_PATHS = (
					"$(inherited)",
					"@executable_path/Frameworks",
				);
				MARKETING_VERSION = 1.0;
				PRODUCT_BUNDLE_IDENTIFIER = heeji.RandomWord;
				PRODUCT_NAME = "$(TARGET_NAME)";
				SWIFT_EMIT_LOC_STRINGS = YES;
				SWIFT_VERSION = 5.0;
				TARGETED_DEVICE_FAMILY = "1,2";
			};
			name = Debug;
		};
		45129A242841E35000984592 /* Release */ = {
			isa = XCBuildConfiguration;
			buildSettings = {
				ASSETCATALOG_COMPILER_APPICON_NAME = AppIcon;
				ASSETCATALOG_COMPILER_GLOBAL_ACCENT_COLOR_NAME = AccentColor;
				CODE_SIGN_STYLE = Automatic;
				CURRENT_PROJECT_VERSION = 1;
				DEVELOPMENT_ASSET_PATHS = "\"RandomWord/Preview Content\"";
				ENABLE_PREVIEWS = YES;
				GENERATE_INFOPLIST_FILE = YES;
				INFOPLIST_KEY_UIApplicationSceneManifest_Generation = YES;
				INFOPLIST_KEY_UIApplicationSupportsIndirectInputEvents = YES;
				INFOPLIST_KEY_UILaunchScreen_Generation = YES;
				INFOPLIST_KEY_UISupportedInterfaceOrientations_iPad = "UIInterfaceOrientationPortrait UIInterfaceOrientationPortraitUpsideDown UIInterfaceOrientationLandscapeLeft UIInterfaceOrientationLandscapeRight";
				INFOPLIST_KEY_UISupportedInterfaceOrientations_iPhone = "UIInterfaceOrientationPortrait UIInterfaceOrientationLandscapeLeft UIInterfaceOrientationLandscapeRight";
				LD_RUNPATH_SEARCH_PATHS = (
					"$(inherited)",
					"@executable_path/Frameworks",
				);
				MARKETING_VERSION = 1.0;
				PRODUCT_BUNDLE_IDENTIFIER = heeji.RandomWord;
				PRODUCT_NAME = "$(TARGET_NAME)";
				SWIFT_EMIT_LOC_STRINGS = YES;
				SWIFT_VERSION = 5.0;
				TARGETED_DEVICE_FAMILY = "1,2";
			};
			name = Release;
		};
		45129A262841E35000984592 /* Debug */ = {
			isa = XCBuildConfiguration;
			buildSettings = {
				ALWAYS_EMBED_SWIFT_STANDARD_LIBRARIES = YES;
				BUNDLE_LOADER = "$(TEST_HOST)";
				CODE_SIGN_STYLE = Automatic;
				CURRENT_PROJECT_VERSION = 1;
				GENERATE_INFOPLIST_FILE = YES;
				IPHONEOS_DEPLOYMENT_TARGET = 15.4;
				MARKETING_VERSION = 1.0;
				PRODUCT_BUNDLE_IDENTIFIER = heeji.RandomWordTests;
				PRODUCT_NAME = "$(TARGET_NAME)";
				SWIFT_EMIT_LOC_STRINGS = NO;
				SWIFT_VERSION = 5.0;
				TARGETED_DEVICE_FAMILY = "1,2";
				TEST_HOST = "$(BUILT_PRODUCTS_DIR)/RandomWord.app/RandomWord";
			};
			name = Debug;
		};
		45129A272841E35000984592 /* Release */ = {
			isa = XCBuildConfiguration;
			buildSettings = {
				ALWAYS_EMBED_SWIFT_STANDARD_LIBRARIES = YES;
				BUNDLE_LOADER = "$(TEST_HOST)";
				CODE_SIGN_STYLE = Automatic;
				CURRENT_PROJECT_VERSION = 1;
				GENERATE_INFOPLIST_FILE = YES;
				IPHONEOS_DEPLOYMENT_TARGET = 15.4;
				MARKETING_VERSION = 1.0;
				PRODUCT_BUNDLE_IDENTIFIER = heeji.RandomWordTests;
				PRODUCT_NAME = "$(TARGET_NAME)";
				SWIFT_EMIT_LOC_STRINGS = NO;
				SWIFT_VERSION = 5.0;
				TARGETED_DEVICE_FAMILY = "1,2";
				TEST_HOST = "$(BUILT_PRODUCTS_DIR)/RandomWord.app/RandomWord";
			};
			name = Release;
		};
		45129A292841E35000984592 /* Debug */ = {
			isa = XCBuildConfiguration;
			buildSettings = {
				ALWAYS_EMBED_SWIFT_STANDARD_LIBRARIES = YES;
				CODE_SIGN_STYLE = Automatic;
				CURRENT_PROJECT_VERSION = 1;
				GENERATE_INFOPLIST_FILE = YES;
				MARKETING_VERSION = 1.0;
				PRODUCT_BUNDLE_IDENTIFIER = heeji.RandomWordUITests;
				PRODUCT_NAME = "$(TARGET_NAME)";
				SWIFT_EMIT_LOC_STRINGS = NO;
				SWIFT_VERSION = 5.0;
				TARGETED_DEVICE_FAMILY = "1,2";
				TEST_TARGET_NAME = RandomWord;
			};
			name = Debug;
		};
		45129A2A2841E35000984592 /* Release */ = {
			isa = XCBuildConfiguration;
			buildSettings = {
				ALWAYS_EMBED_SWIFT_STANDARD_LIBRARIES = YES;
				CODE_SIGN_STYLE = Automatic;
				CURRENT_PROJECT_VERSION = 1;
				GENERATE_INFOPLIST_FILE = YES;
				MARKETING_VERSION = 1.0;
				PRODUCT_BUNDLE_IDENTIFIER = heeji.RandomWordUITests;
				PRODUCT_NAME = "$(TARGET_NAME)";
				SWIFT_EMIT_LOC_STRINGS = NO;
				SWIFT_VERSION = 5.0;
				TARGETED_DEVICE_FAMILY = "1,2";
				TEST_TARGET_NAME = RandomWord;
			};
			name = Release;
		};
/* End XCBuildConfiguration section */

/* Begin XCConfigurationList section */
		451299F92841E34D00984592 /* Build configuration list for PBXProject "RandomWord" */ = {
			isa = XCConfigurationList;
			buildConfigurations = (
				45129A202841E35000984592 /* Debug */,
				45129A212841E35000984592 /* Release */,
			);
			defaultConfigurationIsVisible = 0;
			defaultConfigurationName = Release;
		};
		45129A222841E35000984592 /* Build configuration list for PBXNativeTarget "RandomWord" */ = {
			isa = XCConfigurationList;
			buildConfigurations = (
				45129A232841E35000984592 /* Debug */,
				45129A242841E35000984592 /* Release */,
			);
			defaultConfigurationIsVisible = 0;
			defaultConfigurationName = Release;
		};
		45129A252841E35000984592 /* Build configuration list for PBXNativeTarget "RandomWordTests" */ = {
			isa = XCConfigurationList;
			buildConfigurations = (
				45129A262841E35000984592 /* Debug */,
				45129A272841E35000984592 /* Release */,
			);
			defaultConfigurationIsVisible = 0;
			defaultConfigurationName = Release;
		};
		45129A282841E35000984592 /* Build configuration list for PBXNativeTarget "RandomWordUITests" */ = {
			isa = XCConfigurationList;
			buildConfigurations = (
				45129A292841E35000984592 /* Debug */,
				45129A2A2841E35000984592 /* Release */,
			);
			defaultConfigurationIsVisible = 0;
			defaultConfigurationName = Release;
		};
/* End XCConfigurationList section */
	};
	rootObject = 451299F62841E34D00984592 /* Project object */;
}
